
Microsoft Visual Studio Solution File, Format Version 12.00
# Visual Studio Version 17
VisualStudioVersion = 17.1.32328.378
MinimumVisualStudioVersion = 10.0.40219.1
Project("{FAE04EC0-301F-11D3-BF4B-00C04F79EFBC}") = "BasicsCorePrograms", "BasicsCorePrograms\BasicsCorePrograms.csproj", "{2B254746-2E37-4EE2-A478-97CF6AB4A0F1}"
EndProject
Global
	GlobalSection(SolutionConfigurationPlatforms) = preSolution
		Debug|Any CPU = Debug|Any CPU
		Release|Any CPU = Release|Any CPU
	EndGlobalSection
	GlobalSection(ProjectConfigurationPlatforms) = postSolution
		{2B254746-2E37-4EE2-A478-97CF6AB4A0F1}.Debug|Any CPU.ActiveCfg = Debug|Any CPU
		{2B254746-2E37-4EE2-A478-97CF6AB4A0F1}.Debug|Any CPU.Build.0 = Debug|Any CPU
		{2B254746-2E37-4EE2-A478-97CF6AB4A0F1}.Release|Any CPU.ActiveCfg = Release|Any CPU
		{2B254746-2E37-4EE2-A478-97CF6AB4A0F1}.Release|Any CPU.Build.0 = Release|Any CPU
	EndGlobalSection
	GlobalSection(SolutionProperties) = preSolution
		HideSolutionNode = FALSE
	EndGlobalSection
	GlobalSection(ExtensibilityGlobals) = postSolution
		SolutionGuid = {9B0C4E20-E876-431C-9A73-9E733176FC12}
	EndGlobalSection
EndGlobal
